{
  "originHash" : "952ad293efe371d38a64564a68128d327e1892f793e1ade31388adbd1b60bf43",
  "pins" : [
    {
      "identity" : "sliders",
      "kind" : "remoteSourceControl",
      "location" : "https://github.com/kieranb662/Sliders.git",
      "state" : {
        "revision" : "ec520b31bfe2a19740421311fe0a24cae57ed422",
        "version" : "2.0.2"
      }
    },
    {
      "identity" : "swiftflow",
      "kind" : "remoteSourceControl",
      "location" : "https://github.com/aaurelions/SwiftFlow",
      "state" : {
        "revision" : "588e3a172c32ab562e0e370c5df57d352dee96f5",
        "version" : "0.2.0"
      }
    },
    {
      "identity" : "swiftui-color-kit",
      "kind" : "remoteSourceControl",
      "location" : "https://github.com/kieranb662/SwiftUI-Color-Kit",
      "state" : {
        "branch" : "master",
        "revision" : "eae68bcf5cabfeb86f491bacdab3726051ded545"
      }
    }
  ],
  "version" : 3
}
